// !$*UTF8*$!
{
	archiveVersion = 1;
	classes = {
	};
	objectVersion = 56;
	objects = {

/* Begin PBXBuildFile section */
		8D38EB4729737AB700669EC9 /* HomeViewController.swift in Sources */ = {isa = PBXBuildFile; fileRef = 8D38EB4629737AB700669EC9 /* HomeViewController.swift */; };
		8D38EB4929737B4400669EC9 /* ExploreViewController.swift in Sources */ = {isa = PBXBuildFile; fileRef = 8D38EB4829737B4400669EC9 /* ExploreViewController.swift */; };
		8D38EB4B29737B5400669EC9 /* CameraViewController.swift in Sources */ = {isa = PBXBuildFile; fileRef = 8D38EB4A29737B5400669EC9 /* CameraViewController.swift */; };
		8D38EB4D29737B6700669EC9 /* NotificationViewController.swift in Sources */ = {isa = PBXBuildFile; fileRef = 8D38EB4C29737B6700669EC9 /* NotificationViewController.swift */; };
		8D38EB4F29737B6F00669EC9 /* ProfileViewController.swift in Sources */ = {isa = PBXBuildFile; fileRef = 8D38EB4E29737B6F00669EC9 /* ProfileViewController.swift */; };
		8D38EB5329737C2500669EC9 /* PostViewController.swift in Sources */ = {isa = PBXBuildFile; fileRef = 8D38EB5229737C2500669EC9 /* PostViewController.swift */; };
		8D38EB5529737C3F00669EC9 /* EditViewController.swift in Sources */ = {isa = PBXBuildFile; fileRef = 8D38EB5429737C3F00669EC9 /* EditViewController.swift */; };
		8D38EB5729737C4700669EC9 /* SettingViewController.swift in Sources */ = {isa = PBXBuildFile; fileRef = 8D38EB5629737C4700669EC9 /* SettingViewController.swift */; };
		8D38EB5929737C5500669EC9 /* ListViewController.swift in Sources */ = {isa = PBXBuildFile; fileRef = 8D38EB5829737C5500669EC9 /* ListViewController.swift */; };
		8D38EB5B29737C6800669EC9 /* SearchViewController.swift in Sources */ = {isa = PBXBuildFile; fileRef = 8D38EB5A29737C6800669EC9 /* SearchViewController.swift */; };
		8D38EB5D29737C7300669EC9 /* SearchResultViewController.swift in Sources */ = {isa = PBXBuildFile; fileRef = 8D38EB5C29737C7300669EC9 /* SearchResultViewController.swift */; };
		8D38EB5F29737C9A00669EC9 /* PostEditorViewController.swift in Sources */ = {isa = PBXBuildFile; fileRef = 8D38EB5E29737C9A00669EC9 /* PostEditorViewController.swift */; };
		8D38EB6129737CA600669EC9 /* PublishPostViewController.swift in Sources */ = {isa = PBXBuildFile; fileRef = 8D38EB6029737CA600669EC9 /* PublishPostViewController.swift */; };
		8D38EB7029739D4E00669EC9 /* GoogleService-Info.plist in Resources */ = {isa = PBXBuildFile; fileRef = 8D38EB6F29739D4E00669EC9 /* GoogleService-Info.plist */; };
		8D38EB722973A93800669EC9 /* DatabaseManager.swift in Sources */ = {isa = PBXBuildFile; fileRef = 8D38EB712973A93800669EC9 /* DatabaseManager.swift */; };
		8D38EB742973AAD000669EC9 /* AuthManager.swift in Sources */ = {isa = PBXBuildFile; fileRef = 8D38EB732973AAD000669EC9 /* AuthManager.swift */; };
		8D38EB762973AAF900669EC9 /* StorageManager.swift in Sources */ = {isa = PBXBuildFile; fileRef = 8D38EB752973AAF900669EC9 /* StorageManager.swift */; };
		8D472652296CDE9E00157E57 /* AppDelegate.swift in Sources */ = {isa = PBXBuildFile; fileRef = 8D472651296CDE9E00157E57 /* AppDelegate.swift */; };
		8D472654296CDE9E00157E57 /* SceneDelegate.swift in Sources */ = {isa = PBXBuildFile; fileRef = 8D472653296CDE9E00157E57 /* SceneDelegate.swift */; };
		8D472656296CDE9E00157E57 /* ViewController.swift in Sources */ = {isa = PBXBuildFile; fileRef = 8D472655296CDE9E00157E57 /* ViewController.swift */; };
		8D472659296CDE9E00157E57 /* Main.storyboard in Resources */ = {isa = PBXBuildFile; fileRef = 8D472657296CDE9E00157E57 /* Main.storyboard */; };
		8D47265C296CDE9E00157E57 /* Instaclone.xcdatamodeld in Sources */ = {isa = PBXBuildFile; fileRef = 8D47265A296CDE9E00157E57 /* Instaclone.xcdatamodeld */; };
		8D47265E296CDE9F00157E57 /* Assets.xcassets in Resources */ = {isa = PBXBuildFile; fileRef = 8D47265D296CDE9F00157E57 /* Assets.xcassets */; };
		8D472661296CDE9F00157E57 /* LaunchScreen.storyboard in Resources */ = {isa = PBXBuildFile; fileRef = 8D47265F296CDE9F00157E57 /* LaunchScreen.storyboard */; };
		8D47266A296CDF0400157E57 /* FormField.swift in Sources */ = {isa = PBXBuildFile; fileRef = 8D472669296CDF0400157E57 /* FormField.swift */; };
		8D47266D296CEAF300157E57 /* ContentView.swift in Sources */ = {isa = PBXBuildFile; fileRef = 8D47266C296CEAF300157E57 /* ContentView.swift */; };
		8D47266F296CEC2F00157E57 /* SignInView.swift in Sources */ = {isa = PBXBuildFile; fileRef = 8D47266E296CEC2F00157E57 /* SignInView.swift */; };
		8D472671296CEE3600157E57 /* ButtonModifier.swift in Sources */ = {isa = PBXBuildFile; fileRef = 8D472670296CEE3600157E57 /* ButtonModifier.swift */; };
		8D96B4E2296F8EAE0061DC38 /* ImagePicker.swift in Sources */ = {isa = PBXBuildFile; fileRef = 8D96B4E1296F8EAE0061DC38 /* ImagePicker.swift */; };
		8DCF9FB4296D11D00047E111 /* SignUpView.swift in Sources */ = {isa = PBXBuildFile; fileRef = 8DCF9FB3296D11D00047E111 /* SignUpView.swift */; };
		F8137F4F6EC943E155F0C22F /* Pods_Instaclone.framework in Frameworks */ = {isa = PBXBuildFile; fileRef = 6D10681C31AFF3CB17DE28C6 /* Pods_Instaclone.framework */; };
/* End PBXBuildFile section */

/* Begin PBXFileReference section */
		6D10681C31AFF3CB17DE28C6 /* Pods_Instaclone.framework */ = {isa = PBXFileReference; explicitFileType = wrapper.framework; includeInIndex = 0; path = Pods_Instaclone.framework; sourceTree = BUILT_PRODUCTS_DIR; };
		8D38EB4629737AB700669EC9 /* HomeViewController.swift */ = {isa = PBXFileReference; lastKnownFileType = sourcecode.swift; path = HomeViewController.swift; sourceTree = "<group>"; };
		8D38EB4829737B4400669EC9 /* ExploreViewController.swift */ = {isa = PBXFileReference; lastKnownFileType = sourcecode.swift; path = ExploreViewController.swift; sourceTree = "<group>"; };
		8D38EB4A29737B5400669EC9 /* CameraViewController.swift */ = {isa = PBXFileReference; lastKnownFileType = sourcecode.swift; path = CameraViewController.swift; sourceTree = "<group>"; };
		8D38EB4C29737B6700669EC9 /* NotificationViewController.swift */ = {isa = PBXFileReference; lastKnownFileType = sourcecode.swift; path = NotificationViewController.swift; sourceTree = "<group>"; };
		8D38EB4E29737B6F00669EC9 /* ProfileViewController.swift */ = {isa = PBXFileReference; lastKnownFileType = sourcecode.swift; path = ProfileViewController.swift; sourceTree = "<group>"; };
		8D38EB5229737C2500669EC9 /* PostViewController.swift */ = {isa = PBXFileReference; lastKnownFileType = sourcecode.swift; path = PostViewController.swift; sourceTree = "<group>"; };
		8D38EB5429737C3F00669EC9 /* EditViewController.swift */ = {isa = PBXFileReference; lastKnownFileType = sourcecode.swift; path = EditViewController.swift; sourceTree = "<group>"; };
		8D38EB5629737C4700669EC9 /* SettingViewController.swift */ = {isa = PBXFileReference; lastKnownFileType = sourcecode.swift; path = SettingViewController.swift; sourceTree = "<group>"; };
		8D38EB5829737C5500669EC9 /* ListViewController.swift */ = {isa = PBXFileReference; lastKnownFileType = sourcecode.swift; path = ListViewController.swift; sourceTree = "<group>"; };
		8D38EB5A29737C6800669EC9 /* SearchViewController.swift */ = {isa = PBXFileReference; lastKnownFileType = sourcecode.swift; path = SearchViewController.swift; sourceTree = "<group>"; };
		8D38EB5C29737C7300669EC9 /* SearchResultViewController.swift */ = {isa = PBXFileReference; lastKnownFileType = sourcecode.swift; path = SearchResultViewController.swift; sourceTree = "<group>"; };
		8D38EB5E29737C9A00669EC9 /* PostEditorViewController.swift */ = {isa = PBXFileReference; lastKnownFileType = sourcecode.swift; path = PostEditorViewController.swift; sourceTree = "<group>"; };
		8D38EB6029737CA600669EC9 /* PublishPostViewController.swift */ = {isa = PBXFileReference; lastKnownFileType = sourcecode.swift; path = PublishPostViewController.swift; sourceTree = "<group>"; };
		8D38EB6F29739D4E00669EC9 /* GoogleService-Info.plist */ = {isa = PBXFileReference; fileEncoding = 4; lastKnownFileType = text.plist.xml; name = "GoogleService-Info.plist"; path = "../../../../../../Downloads/GoogleService-Info.plist"; sourceTree = "<group>"; };
		8D38EB712973A93800669EC9 /* DatabaseManager.swift */ = {isa = PBXFileReference; lastKnownFileType = sourcecode.swift; path = DatabaseManager.swift; sourceTree = "<group>"; };
		8D38EB732973AAD000669EC9 /* AuthManager.swift */ = {isa = PBXFileReference; lastKnownFileType = sourcecode.swift; path = AuthManager.swift; sourceTree = "<group>"; };
		8D38EB752973AAF900669EC9 /* StorageManager.swift */ = {isa = PBXFileReference; lastKnownFileType = sourcecode.swift; path = StorageManager.swift; sourceTree = "<group>"; };
		8D40D0CA296D055A000C2589 /* README.md */ = {isa = PBXFileReference; lastKnownFileType = net.daringfireball.markdown; path = README.md; sourceTree = "<group>"; };
		8D47264E296CDE9E00157E57 /* Instaclone.app */ = {isa = PBXFileReference; explicitFileType = wrapper.application; includeInIndex = 0; path = Instaclone.app; sourceTree = BUILT_PRODUCTS_DIR; };
		8D472651296CDE9E00157E57 /* AppDelegate.swift */ = {isa = PBXFileReference; lastKnownFileType = sourcecode.swift; path = AppDelegate.swift; sourceTree = "<group>"; };
		8D472653296CDE9E00157E57 /* SceneDelegate.swift */ = {isa = PBXFileReference; lastKnownFileType = sourcecode.swift; path = SceneDelegate.swift; sourceTree = "<group>"; };
		8D472655296CDE9E00157E57 /* ViewController.swift */ = {isa = PBXFileReference; lastKnownFileType = sourcecode.swift; path = ViewController.swift; sourceTree = "<group>"; };
		8D472658296CDE9E00157E57 /* Base */ = {isa = PBXFileReference; lastKnownFileType = file.storyboard; name = Base; path = Base.lproj/Main.storyboard; sourceTree = "<group>"; };
		8D47265B296CDE9E00157E57 /* Instaclone.xcdatamodel */ = {isa = PBXFileReference; lastKnownFileType = wrapper.xcdatamodel; path = Instaclone.xcdatamodel; sourceTree = "<group>"; };
		8D47265D296CDE9F00157E57 /* Assets.xcassets */ = {isa = PBXFileReference; lastKnownFileType = folder.assetcatalog; path = Assets.xcassets; sourceTree = "<group>"; };
		8D472660296CDE9F00157E57 /* Base */ = {isa = PBXFileReference; lastKnownFileType = file.storyboard; name = Base; path = Base.lproj/LaunchScreen.storyboard; sourceTree = "<group>"; };
		8D472662296CDE9F00157E57 /* Info.plist */ = {isa = PBXFileReference; lastKnownFileType = text.plist.xml; path = Info.plist; sourceTree = "<group>"; };
		8D472669296CDF0400157E57 /* FormField.swift */ = {isa = PBXFileReference; lastKnownFileType = sourcecode.swift; path = FormField.swift; sourceTree = "<group>"; };
		8D47266C296CEAF300157E57 /* ContentView.swift */ = {isa = PBXFileReference; lastKnownFileType = sourcecode.swift; path = ContentView.swift; sourceTree = "<group>"; };
		8D47266E296CEC2F00157E57 /* SignInView.swift */ = {isa = PBXFileReference; lastKnownFileType = sourcecode.swift; path = SignInView.swift; sourceTree = "<group>"; };
		8D472670296CEE3600157E57 /* ButtonModifier.swift */ = {isa = PBXFileReference; lastKnownFileType = sourcecode.swift; path = ButtonModifier.swift; sourceTree = "<group>"; };
		8D96B4E1296F8EAE0061DC38 /* ImagePicker.swift */ = {isa = PBXFileReference; lastKnownFileType = sourcecode.swift; path = ImagePicker.swift; sourceTree = "<group>"; };
		8DCF9FB3296D11D00047E111 /* SignUpView.swift */ = {isa = PBXFileReference; lastKnownFileType = sourcecode.swift; path = SignUpView.swift; sourceTree = "<group>"; };
		B0A89E9D508593F2A720D0CD /* Pods-Instaclone.release.xcconfig */ = {isa = PBXFileReference; includeInIndex = 1; lastKnownFileType = text.xcconfig; name = "Pods-Instaclone.release.xcconfig"; path = "Target Support Files/Pods-Instaclone/Pods-Instaclone.release.xcconfig"; sourceTree = "<group>"; };
		FDB36EBC5707ED882319F46E /* Pods-Instaclone.debug.xcconfig */ = {isa = PBXFileReference; includeInIndex = 1; lastKnownFileType = text.xcconfig; name = "Pods-Instaclone.debug.xcconfig"; path = "Target Support Files/Pods-Instaclone/Pods-Instaclone.debug.xcconfig"; sourceTree = "<group>"; };
/* End PBXFileReference section */

/* Begin PBXFrameworksBuildPhase section */
		8D47264B296CDE9E00157E57 /* Frameworks */ = {
			isa = PBXFrameworksBuildPhase;
			buildActionMask = 2147483647;
			files = (
				F8137F4F6EC943E155F0C22F /* Pods_Instaclone.framework in Frameworks */,
			);
			runOnlyForDeploymentPostprocessing = 0;
		};
/* End PBXFrameworksBuildPhase section */

/* Begin PBXGroup section */
		3AAA512337F41E1CCA4665D0 /* Frameworks */ = {
			isa = PBXGroup;
			children = (
				6D10681C31AFF3CB17DE28C6 /* Pods_Instaclone.framework */,
			);
			name = Frameworks;
			sourceTree = "<group>";
		};
		8276C04C05986C9F048C7B74 /* Pods */ = {
			isa = PBXGroup;
			children = (
				FDB36EBC5707ED882319F46E /* Pods-Instaclone.debug.xcconfig */,
				B0A89E9D508593F2A720D0CD /* Pods-Instaclone.release.xcconfig */,
			);
			path = Pods;
			sourceTree = "<group>";
		};
		8D38EB42297378F000669EC9 /* Model */ = {
			isa = PBXGroup;
			children = (
			);
			path = Model;
			sourceTree = "<group>";
		};
		8D38EB432973790500669EC9 /* Resources */ = {
			isa = PBXGroup;
			children = (
				8D472651296CDE9E00157E57 /* AppDelegate.swift */,
				8D38EB712973A93800669EC9 /* DatabaseManager.swift */,
				8D38EB732973AAD000669EC9 /* AuthManager.swift */,
				8D38EB752973AAF900669EC9 /* StorageManager.swift */,
				8D38EB6F29739D4E00669EC9 /* GoogleService-Info.plist */,
				8D472653296CDE9E00157E57 /* SceneDelegate.swift */,
			);
			path = Resources;
			sourceTree = "<group>";
		};
		8D38EB442973794800669EC9 /* Controller */ = {
			isa = PBXGroup;
			children = (
				8D38EB5129737BDC00669EC9 /* Other */,
				8D38EB5029737B8600669EC9 /* Core Tabs */,
			);
			path = Controller;
			sourceTree = "<group>";
		};
		8D38EB4529737A5B00669EC9 /* Storyboard */ = {
			isa = PBXGroup;
			children = (
				8D472657296CDE9E00157E57 /* Main.storyboard */,
				8D47265F296CDE9F00157E57 /* LaunchScreen.storyboard */,
			);
			path = Storyboard;
			sourceTree = "<group>";
		};
		8D38EB5029737B8600669EC9 /* Core Tabs */ = {
			isa = PBXGroup;
			children = (
				8D38EB4629737AB700669EC9 /* HomeViewController.swift */,
				8D38EB4C29737B6700669EC9 /* NotificationViewController.swift */,
				8D38EB4E29737B6F00669EC9 /* ProfileViewController.swift */,
				8D38EB4829737B4400669EC9 /* ExploreViewController.swift */,
				8D38EB4A29737B5400669EC9 /* CameraViewController.swift */,
			);
			path = "Core Tabs";
			sourceTree = "<group>";
		};
		8D38EB5129737BDC00669EC9 /* Other */ = {
			isa = PBXGroup;
			children = (
				8D472655296CDE9E00157E57 /* ViewController.swift */,
				8D38EB5229737C2500669EC9 /* PostViewController.swift */,
				8D38EB5429737C3F00669EC9 /* EditViewController.swift */,
				8D38EB5629737C4700669EC9 /* SettingViewController.swift */,
				8D38EB5829737C5500669EC9 /* ListViewController.swift */,
				8D38EB5A29737C6800669EC9 /* SearchViewController.swift */,
				8D38EB5C29737C7300669EC9 /* SearchResultViewController.swift */,
				8D38EB5E29737C9A00669EC9 /* PostEditorViewController.swift */,
				8D38EB6029737CA600669EC9 /* PublishPostViewController.swift */,
			);
			path = Other;
			sourceTree = "<group>";
		};
		8D472645296CDE9E00157E57 = {
			isa = PBXGroup;
			children = (
				8D472650296CDE9E00157E57 /* Instaclone */,
				8D47264F296CDE9E00157E57 /* Products */,
				8276C04C05986C9F048C7B74 /* Pods */,
				3AAA512337F41E1CCA4665D0 /* Frameworks */,
			);
			sourceTree = "<group>";
		};
		8D47264F296CDE9E00157E57 /* Products */ = {
			isa = PBXGroup;
			children = (
				8D47264E296CDE9E00157E57 /* Instaclone.app */,
			);
			name = Products;
			sourceTree = "<group>";
		};
		8D472650296CDE9E00157E57 /* Instaclone */ = {
			isa = PBXGroup;
			children = (
				8D96B4E0296F8E900061DC38 /* Utils */,
				8D472668296CDEC900157E57 /* Component */,
				8D38EB432973790500669EC9 /* Resources */,
				8D38EB42297378F000669EC9 /* Model */,
				8D47266B296CE17800157E57 /* View */,
				8D38EB442973794800669EC9 /* Controller */,
				8D472662296CDE9F00157E57 /* Info.plist */,
				8D47265A296CDE9E00157E57 /* Instaclone.xcdatamodeld */,
				8D40D0CA296D055A000C2589 /* README.md */,
			);
			path = Instaclone;
			sourceTree = "<group>";
		};
		8D472668296CDEC900157E57 /* Component */ = {
			isa = PBXGroup;
			children = (
				8D472669296CDF0400157E57 /* FormField.swift */,
				8D472670296CEE3600157E57 /* ButtonModifier.swift */,
			);
			path = Component;
			sourceTree = "<group>";
		};
		8D47266B296CE17800157E57 /* View */ = {
			isa = PBXGroup;
			children = (
				8D38EB4529737A5B00669EC9 /* Storyboard */,
				8D47265D296CDE9F00157E57 /* Assets.xcassets */,
				8D47266E296CEC2F00157E57 /* SignInView.swift */,
				8DCF9FB3296D11D00047E111 /* SignUpView.swift */,
				8D47266C296CEAF300157E57 /* ContentView.swift */,
			);
			path = View;
			sourceTree = "<group>";
		};
		8D96B4E0296F8E900061DC38 /* Utils */ = {
			isa = PBXGroup;
			children = (
				8D96B4E1296F8EAE0061DC38 /* ImagePicker.swift */,
			);
			path = Utils;
			sourceTree = "<group>";
		};
/* End PBXGroup section */

/* Begin PBXNativeTarget section */
		8D47264D296CDE9E00157E57 /* Instaclone */ = {
			isa = PBXNativeTarget;
			buildConfigurationList = 8D472665296CDE9F00157E57 /* Build configuration list for PBXNativeTarget "Instaclone" */;
			buildPhases = (
				46C031ABE6A94997F5122A0C /* [CP] Check Pods Manifest.lock */,
				8D47264A296CDE9E00157E57 /* Sources */,
				8D47264B296CDE9E00157E57 /* Frameworks */,
				8D47264C296CDE9E00157E57 /* Resources */,
				B7EC386261752938AA0B35D9 /* [CP] Embed Pods Frameworks */,
			);
			buildRules = (
			);
			dependencies = (
			);
			name = Instaclone;
			productName = Instaclone;
			productReference = 8D47264E296CDE9E00157E57 /* Instaclone.app */;
			productType = "com.apple.product-type.application";
		};
/* End PBXNativeTarget section */

/* Begin PBXProject section */
		8D472646296CDE9E00157E57 /* Project object */ = {
			isa = PBXProject;
			attributes = {
				BuildIndependentTargetsInParallel = 1;
				LastSwiftUpdateCheck = 1420;
				LastUpgradeCheck = 1420;
				TargetAttributes = {
					8D47264D296CDE9E00157E57 = {
						CreatedOnToolsVersion = 14.2;
					};
				};
			};
			buildConfigurationList = 8D472649296CDE9E00157E57 /* Build configuration list for PBXProject "Instaclone" */;
			compatibilityVersion = "Xcode 14.0";
			developmentRegion = en;
			hasScannedForEncodings = 0;
			knownRegions = (
				en,
				Base,
			);
			mainGroup = 8D472645296CDE9E00157E57;
			productRefGroup = 8D47264F296CDE9E00157E57 /* Products */;
			projectDirPath = "";
			projectRoot = "";
			targets = (
				8D47264D296CDE9E00157E57 /* Instaclone */,
			);
		};
/* End PBXProject section */

/* Begin PBXResourcesBuildPhase section */
		8D47264C296CDE9E00157E57 /* Resources */ = {
			isa = PBXResourcesBuildPhase;
			buildActionMask = 2147483647;
			files = (
				8D472661296CDE9F00157E57 /* LaunchScreen.storyboard in Resources */,
				8D47265E296CDE9F00157E57 /* Assets.xcassets in Resources */,
				8D472659296CDE9E00157E57 /* Main.storyboard in Resources */,
				8D38EB7029739D4E00669EC9 /* GoogleService-Info.plist in Resources */,
			);
			runOnlyForDeploymentPostprocessing = 0;
		};
/* End PBXResourcesBuildPhase section */

/* Begin PBXShellScriptBuildPhase section */
		46C031ABE6A94997F5122A0C /* [CP] Check Pods Manifest.lock */ = {
			isa = PBXShellScriptBuildPhase;
			buildActionMask = 2147483647;
			files = (
			);
			inputFileListPaths = (
			);
			inputPaths = (
				"${PODS_PODFILE_DIR_PATH}/Podfile.lock",
				"${PODS_ROOT}/Manifest.lock",
			);
			name = "[CP] Check Pods Manifest.lock";
			outputFileListPaths = (
			);
			outputPaths = (
				"$(DERIVED_FILE_DIR)/Pods-Instaclone-checkManifestLockResult.txt",
			);
			runOnlyForDeploymentPostprocessing = 0;
			shellPath = /bin/sh;
			shellScript = "diff \"${PODS_PODFILE_DIR_PATH}/Podfile.lock\" \"${PODS_ROOT}/Manifest.lock\" > /dev/null\nif [ $? != 0 ] ; then\n    # print error to STDERR\n    echo \"error: The sandbox is not in sync with the Podfile.lock. Run 'pod install' or update your CocoaPods installation.\" >&2\n    exit 1\nfi\n# This output is used by Xcode 'outputs' to avoid re-running this script phase.\necho \"SUCCESS\" > \"${SCRIPT_OUTPUT_FILE_0}\"\n";
			showEnvVarsInLog = 0;
		};
		B7EC386261752938AA0B35D9 /* [CP] Embed Pods Frameworks */ = {
			isa = PBXShellScriptBuildPhase;
			buildActionMask = 2147483647;
			files = (
			);
			inputFileListPaths = (
				"${PODS_ROOT}/Target Support Files/Pods-Instaclone/Pods-Instaclone-frameworks-${CONFIGURATION}-input-files.xcfilelist",
			);
			name = "[CP] Embed Pods Frameworks";
			outputFileListPaths = (
				"${PODS_ROOT}/Target Support Files/Pods-Instaclone/Pods-Instaclone-frameworks-${CONFIGURATION}-output-files.xcfilelist",
			);
			runOnlyForDeploymentPostprocessing = 0;
			shellPath = /bin/sh;
			shellScript = "\"${PODS_ROOT}/Target Support Files/Pods-Instaclone/Pods-Instaclone-frameworks.sh\"\n";
			showEnvVarsInLog = 0;
		};
/* End PBXShellScriptBuildPhase section */

/* Begin PBXSourcesBuildPhase section */
		8D47264A296CDE9E00157E57 /* Sources */ = {
			isa = PBXSourcesBuildPhase;
			buildActionMask = 2147483647;
			files = (
				8D47266A296CDF0400157E57 /* FormField.swift in Sources */,
				8D38EB5D29737C7300669EC9 /* SearchResultViewController.swift in Sources */,
				8D47266F296CEC2F00157E57 /* SignInView.swift in Sources */,
				8D472671296CEE3600157E57 /* ButtonModifier.swift in Sources */,
				8D472656296CDE9E00157E57 /* ViewController.swift in Sources */,
				8D38EB4B29737B5400669EC9 /* CameraViewController.swift in Sources */,
				8D38EB5729737C4700669EC9 /* SettingViewController.swift in Sources */,
				8D38EB6129737CA600669EC9 /* PublishPostViewController.swift in Sources */,
				8D38EB722973A93800669EC9 /* DatabaseManager.swift in Sources */,
				8D38EB5F29737C9A00669EC9 /* PostEditorViewController.swift in Sources */,
				8D47266D296CEAF300157E57 /* ContentView.swift in Sources */,
				8D472652296CDE9E00157E57 /* AppDelegate.swift in Sources */,
				8D38EB5929737C5500669EC9 /* ListViewController.swift in Sources */,
				8D38EB5529737C3F00669EC9 /* EditViewController.swift in Sources */,
				8D38EB5B29737C6800669EC9 /* SearchViewController.swift in Sources */,
				8D472654296CDE9E00157E57 /* SceneDelegate.swift in Sources */,
				8D38EB5329737C2500669EC9 /* PostViewController.swift in Sources */,
				8D38EB4729737AB700669EC9 /* HomeViewController.swift in Sources */,
				8D38EB4929737B4400669EC9 /* ExploreViewController.swift in Sources */,
				8D38EB4D29737B6700669EC9 /* NotificationViewController.swift in Sources */,
				8D96B4E2296F8EAE0061DC38 /* ImagePicker.swift in Sources */,
				8D38EB4F29737B6F00669EC9 /* ProfileViewController.swift in Sources */,
				8DCF9FB4296D11D00047E111 /* SignUpView.swift in Sources */,
				8D47265C296CDE9E00157E57 /* Instaclone.xcdatamodeld in Sources */,
				8D38EB742973AAD000669EC9 /* AuthManager.swift in Sources */,
				8D38EB762973AAF900669EC9 /* StorageManager.swift in Sources */,
			);
			runOnlyForDeploymentPostprocessing = 0;
		};
/* End PBXSourcesBuildPhase section */

/* Begin PBXVariantGroup section */
		8D472657296CDE9E00157E57 /* Main.storyboard */ = {
			isa = PBXVariantGroup;
			children = (
				8D472658296CDE9E00157E57 /* Base */,
			);
			name = Main.storyboard;
			sourceTree = "<group>";
		};
		8D47265F296CDE9F00157E57 /* LaunchScreen.storyboard */ = {
			isa = PBXVariantGroup;
			children = (
				8D472660296CDE9F00157E57 /* Base */,
			);
			name = LaunchScreen.storyboard;
			sourceTree = "<group>";
		};
/* End PBXVariantGroup section */

/* Begin XCBuildConfiguration section */
		8D472663296CDE9F00157E57 /* Debug */ = {
			isa = XCBuildConfiguration;
			buildSettings = {
				ALWAYS_SEARCH_USER_PATHS = NO;
				CLANG_ANALYZER_NONNULL = YES;
				CLANG_ANALYZER_NUMBER_OBJECT_CONVERSION = YES_AGGRESSIVE;
				CLANG_CXX_LANGUAGE_STANDARD = "gnu++20";
				CLANG_ENABLE_MODULES = YES;
				CLANG_ENABLE_OBJC_ARC = YES;
				CLANG_ENABLE_OBJC_WEAK = YES;
				CLANG_WARN_BLOCK_CAPTURE_AUTORELEASING = YES;
				CLANG_WARN_BOOL_CONVERSION = YES;
				CLANG_WARN_COMMA = YES;
				CLANG_WARN_CONSTANT_CONVERSION = YES;
				CLANG_WARN_DEPRECATED_OBJC_IMPLEMENTATIONS = YES;
				CLANG_WARN_DIRECT_OBJC_ISA_USAGE = YES_ERROR;
				CLANG_WARN_DOCUMENTATION_COMMENTS = YES;
				CLANG_WARN_EMPTY_BODY = YES;
				CLANG_WARN_ENUM_CONVERSION = YES;
				CLANG_WARN_INFINITE_RECURSION = YES;
				CLANG_WARN_INT_CONVERSION = YES;
				CLANG_WARN_NON_LITERAL_NULL_CONVERSION = YES;
				CLANG_WARN_OBJC_IMPLICIT_RETAIN_SELF = YES;
				CLANG_WARN_OBJC_LITERAL_CONVERSION = YES;
				CLANG_WARN_OBJC_ROOT_CLASS = YES_ERROR;
				CLANG_WARN_QUOTED_INCLUDE_IN_FRAMEWORK_HEADER = YES;
				CLANG_WARN_RANGE_LOOP_ANALYSIS = YES;
				CLANG_WARN_STRICT_PROTOTYPES = YES;
				CLANG_WARN_SUSPICIOUS_MOVE = YES;
				CLANG_WARN_UNGUARDED_AVAILABILITY = YES_AGGRESSIVE;
				CLANG_WARN_UNREACHABLE_CODE = YES;
				CLANG_WARN__DUPLICATE_METHOD_MATCH = YES;
				COPY_PHASE_STRIP = NO;
				DEBUG_INFORMATION_FORMAT = dwarf;
				ENABLE_STRICT_OBJC_MSGSEND = YES;
				ENABLE_TESTABILITY = YES;
				GCC_C_LANGUAGE_STANDARD = gnu11;
				GCC_DYNAMIC_NO_PIC = NO;
				GCC_NO_COMMON_BLOCKS = YES;
				GCC_OPTIMIZATION_LEVEL = 0;
				GCC_PREPROCESSOR_DEFINITIONS = (
					"DEBUG=1",
					"$(inherited)",
				);
				GCC_WARN_64_TO_32_BIT_CONVERSION = YES;
				GCC_WARN_ABOUT_RETURN_TYPE = YES_ERROR;
				GCC_WARN_UNDECLARED_SELECTOR = YES;
				GCC_WARN_UNINITIALIZED_AUTOS = YES_AGGRESSIVE;
				GCC_WARN_UNUSED_FUNCTION = YES;
				GCC_WARN_UNUSED_VARIABLE = YES;
				IPHONEOS_DEPLOYMENT_TARGET = 16.2;
				MTL_ENABLE_DEBUG_INFO = INCLUDE_SOURCE;
				MTL_FAST_MATH = YES;
				ONLY_ACTIVE_ARCH = YES;
				SDKROOT = iphoneos;
				SWIFT_ACTIVE_COMPILATION_CONDITIONS = DEBUG;
				SWIFT_OPTIMIZATION_LEVEL = "-Onone";
			};
			name = Debug;
		};
		8D472664296CDE9F00157E57 /* Release */ = {
			isa = XCBuildConfiguration;
			buildSettings = {
				ALWAYS_SEARCH_USER_PATHS = NO;
				CLANG_ANALYZER_NONNULL = YES;
				CLANG_ANALYZER_NUMBER_OBJECT_CONVERSION = YES_AGGRESSIVE;
				CLANG_CXX_LANGUAGE_STANDARD = "gnu++20";
				CLANG_ENABLE_MODULES = YES;
				CLANG_ENABLE_OBJC_ARC = YES;
				CLANG_ENABLE_OBJC_WEAK = YES;
				CLANG_WARN_BLOCK_CAPTURE_AUTORELEASING = YES;
				CLANG_WARN_BOOL_CONVERSION = YES;
				CLANG_WARN_COMMA = YES;
				CLANG_WARN_CONSTANT_CONVERSION = YES;
				CLANG_WARN_DEPRECATED_OBJC_IMPLEMENTATIONS = YES;
				CLANG_WARN_DIRECT_OBJC_ISA_USAGE = YES_ERROR;
				CLANG_WARN_DOCUMENTATION_COMMENTS = YES;
				CLANG_WARN_EMPTY_BODY = YES;
				CLANG_WARN_ENUM_CONVERSION = YES;
				CLANG_WARN_INFINITE_RECURSION = YES;
				CLANG_WARN_INT_CONVERSION = YES;
				CLANG_WARN_NON_LITERAL_NULL_CONVERSION = YES;
				CLANG_WARN_OBJC_IMPLICIT_RETAIN_SELF = YES;
				CLANG_WARN_OBJC_LITERAL_CONVERSION = YES;
				CLANG_WARN_OBJC_ROOT_CLASS = YES_ERROR;
				CLANG_WARN_QUOTED_INCLUDE_IN_FRAMEWORK_HEADER = YES;
				CLANG_WARN_RANGE_LOOP_ANALYSIS = YES;
				CLANG_WARN_STRICT_PROTOTYPES = YES;
				CLANG_WARN_SUSPICIOUS_MOVE = YES;
				CLANG_WARN_UNGUARDED_AVAILABILITY = YES_AGGRESSIVE;
				CLANG_WARN_UNREACHABLE_CODE = YES;
				CLANG_WARN__DUPLICATE_METHOD_MATCH = YES;
				COPY_PHASE_STRIP = NO;
				DEBUG_INFORMATION_FORMAT = "dwarf-with-dsym";
				ENABLE_NS_ASSERTIONS = NO;
				ENABLE_STRICT_OBJC_MSGSEND = YES;
				GCC_C_LANGUAGE_STANDARD = gnu11;
				GCC_NO_COMMON_BLOCKS = YES;
				GCC_WARN_64_TO_32_BIT_CONVERSION = YES;
				GCC_WARN_ABOUT_RETURN_TYPE = YES_ERROR;
				GCC_WARN_UNDECLARED_SELECTOR = YES;
				GCC_WARN_UNINITIALIZED_AUTOS = YES_AGGRESSIVE;
				GCC_WARN_UNUSED_FUNCTION = YES;
				GCC_WARN_UNUSED_VARIABLE = YES;
				IPHONEOS_DEPLOYMENT_TARGET = 16.2;
				MTL_ENABLE_DEBUG_INFO = NO;
				MTL_FAST_MATH = YES;
				SDKROOT = iphoneos;
				SWIFT_COMPILATION_MODE = wholemodule;
				SWIFT_OPTIMIZATION_LEVEL = "-O";
				VALIDATE_PRODUCT = YES;
			};
			name = Release;
		};
		8D472666296CDE9F00157E57 /* Debug */ = {
			isa = XCBuildConfiguration;
			baseConfigurationReference = FDB36EBC5707ED882319F46E /* Pods-Instaclone.debug.xcconfig */;
			buildSettings = {
				ASSETCATALOG_COMPILER_APPICON_NAME = AppIcon;
				ASSETCATALOG_COMPILER_GLOBAL_ACCENT_COLOR_NAME = AccentColor;
				CODE_SIGN_STYLE = Automatic;
				CURRENT_PROJECT_VERSION = 1;
				DEVELOPMENT_TEAM = 77RC75252H;
				GENERATE_INFOPLIST_FILE = YES;
				INFOPLIST_FILE = Instaclone/Info.plist;
				INFOPLIST_KEY_UIApplicationSupportsIndirectInputEvents = YES;
				INFOPLIST_KEY_UILaunchStoryboardName = LaunchScreen;
				INFOPLIST_KEY_UIMainStoryboardFile = Main;
				INFOPLIST_KEY_UISupportedInterfaceOrientations_iPad = "UIInterfaceOrientationPortrait UIInterfaceOrientationPortraitUpsideDown UIInterfaceOrientationLandscapeLeft UIInterfaceOrientationLandscapeRight";
				INFOPLIST_KEY_UISupportedInterfaceOrientations_iPhone = "UIInterfaceOrientationPortrait UIInterfaceOrientationLandscapeLeft UIInterfaceOrientationLandscapeRight";
				LD_RUNPATH_SEARCH_PATHS = (
					"$(inherited)",
					"@executable_path/Frameworks",
				);
				MARKETING_VERSION = 1.0;
				PRODUCT_BUNDLE_IDENTIFIER = me.steve.Instaclone;
				PRODUCT_NAME = "$(TARGET_NAME)";
				SWIFT_EMIT_LOC_STRINGS = YES;
				SWIFT_VERSION = 5.0;
				TARGETED_DEVICE_FAMILY = "1,2";
			};
			name = Debug;
		};
		8D472667296CDE9F00157E57 /* Release */ = {
			isa = XCBuildConfiguration;
			baseConfigurationReference = B0A89E9D508593F2A720D0CD /* Pods-Instaclone.release.xcconfig */;
			buildSettings = {
				ASSETCATALOG_COMPILER_APPICON_NAME = AppIcon;
				ASSETCATALOG_COMPILER_GLOBAL_ACCENT_COLOR_NAME = AccentColor;
				CODE_SIGN_STYLE = Automatic;
				CURRENT_PROJECT_VERSION = 1;
				DEVELOPMENT_TEAM = 77RC75252H;
				GENERATE_INFOPLIST_FILE = YES;
				INFOPLIST_FILE = Instaclone/Info.plist;
				INFOPLIST_KEY_UIApplicationSupportsIndirectInputEvents = YES;
				INFOPLIST_KEY_UILaunchStoryboardName = LaunchScreen;
				INFOPLIST_KEY_UIMainStoryboardFile = Main;
				INFOPLIST_KEY_UISupportedInterfaceOrientations_iPad = "UIInterfaceOrientationPortrait UIInterfaceOrientationPortraitUpsideDown UIInterfaceOrientationLandscapeLeft UIInterfaceOrientationLandscapeRight";
				INFOPLIST_KEY_UISupportedInterfaceOrientations_iPhone = "UIInterfaceOrientationPortrait UIInterfaceOrientationLandscapeLeft UIInterfaceOrientationLandscapeRight";
				LD_RUNPATH_SEARCH_PATHS = (
					"$(inherited)",
					"@executable_path/Frameworks",
				);
				MARKETING_VERSION = 1.0;
				PRODUCT_BUNDLE_IDENTIFIER = me.steve.Instaclone;
				PRODUCT_NAME = "$(TARGET_NAME)";
				SWIFT_EMIT_LOC_STRINGS = YES;
				SWIFT_VERSION = 5.0;
				TARGETED_DEVICE_FAMILY = "1,2";
			};
			name = Release;
		};
/* End XCBuildConfiguration section */

/* Begin XCConfigurationList section */
		8D472649296CDE9E00157E57 /* Build configuration list for PBXProject "Instaclone" */ = {
			isa = XCConfigurationList;
			buildConfigurations = (
				8D472663296CDE9F00157E57 /* Debug */,
				8D472664296CDE9F00157E57 /* Release */,
			);
			defaultConfigurationIsVisible = 0;
			defaultConfigurationName = Release;
		};
		8D472665296CDE9F00157E57 /* Build configuration list for PBXNativeTarget "Instaclone" */ = {
			isa = XCConfigurationList;
			buildConfigurations = (
				8D472666296CDE9F00157E57 /* Debug */,
				8D472667296CDE9F00157E57 /* Release */,
			);
			defaultConfigurationIsVisible = 0;
			defaultConfigurationName = Release;
		};
/* End XCConfigurationList section */

/* Begin XCVersionGroup section */
		8D47265A296CDE9E00157E57 /* Instaclone.xcdatamodeld */ = {
			isa = XCVersionGroup;
			children = (
				8D47265B296CDE9E00157E57 /* Instaclone.xcdatamodel */,
			);
			currentVersion = 8D47265B296CDE9E00157E57 /* Instaclone.xcdatamodel */;
			path = Instaclone.xcdatamodeld;
			sourceTree = "<group>";
			versionGroupType = wrapper.xcdatamodel;
		};
/* End XCVersionGroup section */
	};
	rootObject = 8D472646296CDE9E00157E57 /* Project object */;
}
